PODS:
  - DTCoreText (1.6.16):
    - DTFoundation/Core (~> 1.7.5)
    - DTFoundation/DTAnimatedGIF (~> 1.7.5)
    - DTFoundation/DTHTMLParser (~> 1.7.5)
    - DTFoundation/UIKit (~> 1.7.5)
  - DTFoundation/Core (1.7.7)
  - DTFoundation/DTAnimatedGIF (1.7.7)
  - DTFoundation/DTHTMLParser (1.7.7):
    - DTFoundation/Core
  - DTFoundation/UIKit (1.7.7):
    - DTFoundation/Core
  - FYHTMLTextView (1.0.6):
    - DTCoreText (~> 1.6.16)

DEPENDENCIES:
  - FYHTMLTextView (from `../`)

EXTERNAL SOURCES:
  FYHTMLTextView:
    :path: "../"

SPEC CHECKSUMS:
  DTCoreText: 934a16fe9ffdd169c96261721b39dc312b75713d
  DTFoundation: c9b3362b83f0017389082ec067ede719826a579d
  FYHTMLTextView: 5c4725df88280f392d08234e17efca1b723bdcbf

COCOAPODS: 0.37.0
